
Microsoft Visual Studio Solution File, Format Version 12.00
# Visual Studio Version 17
VisualStudioVersion = 17.5.33530.505
MinimumVisualStudioVersion = 10.0.40219.1
Project("{2150E333-8FDC-42A3-9474-1A3956D46DE8}") = "Solution Items", "Solution Items", "{97FF421C-CF63-4BEF-8FD7-19BF91A56DBB}"
	ProjectSection(SolutionItems) = preProject
		README.md = README.md
	EndProjectSection
EndProject
Project("{9A19103F-16F7-4668-BE54-9A1E7A4F7556}") = "MessageBroker", "MessageBroker\MessageBroker.csproj", "{FB13F28B-A525-4C5F-AD15-6197D7406878}"
EndProject
Project("{FAE04EC0-301F-11D3-BF4B-00C04F79EFBC}") = "Subscriber", "Subscriber\Subscriber.csproj", "{BD06949C-88A5-4056-80F5-8B694EB161EE}"
EndProject
Global
	GlobalSection(SolutionConfigurationPlatforms) = preSolution
		Debug|Any CPU = Debug|Any CPU
		Release|Any CPU = Release|Any CPU
	EndGlobalSection
	GlobalSection(ProjectConfigurationPlatforms) = postSolution
		{FB13F28B-A525-4C5F-AD15-6197D7406878}.Debug|Any CPU.ActiveCfg = Debug|Any CPU
		{FB13F28B-A525-4C5F-AD15-6197D7406878}.Debug|Any CPU.Build.0 = Debug|Any CPU
		{FB13F28B-A525-4C5F-AD15-6197D7406878}.Release|Any CPU.ActiveCfg = Release|Any CPU
		{FB13F28B-A525-4C5F-AD15-6197D7406878}.Release|Any CPU.Build.0 = Release|Any CPU
		{BD06949C-88A5-4056-80F5-8B694EB161EE}.Debug|Any CPU.ActiveCfg = Debug|Any CPU
		{BD06949C-88A5-4056-80F5-8B694EB161EE}.Debug|Any CPU.Build.0 = Debug|Any CPU
		{BD06949C-88A5-4056-80F5-8B694EB161EE}.Release|Any CPU.ActiveCfg = Release|Any CPU
		{BD06949C-88A5-4056-80F5-8B694EB161EE}.Release|Any CPU.Build.0 = Release|Any CPU
	EndGlobalSection
	GlobalSection(SolutionProperties) = preSolution
		HideSolutionNode = FALSE
	EndGlobalSection
	GlobalSection(ExtensibilityGlobals) = postSolution
		SolutionGuid = {214B40ED-5939-441B-B97C-06E215A9701F}
	EndGlobalSection
EndGlobal
